
Microsoft Visual Studio Solution File, Format Version 12.00
# Visual Studio 15
VisualStudioVersion = 15.0.27130.0
MinimumVisualStudioVersion = 10.0.40219.1
Project("{FAE04EC0-301F-11D3-BF4B-00C04F79EFBC}") = "Event Planner", "Event Planner\Event Planner.csproj", "{52E9F304-F2F3-40AD-9C04-67F5E484630F}"
EndProject
Project("{FAE04EC0-301F-11D3-BF4B-00C04F79EFBC}") = "EPlib", "EPlib\EPlib.csproj", "{D3452B19-0018-48D5-8C30-13DD78C50F33}"
EndProject
Global
	GlobalSection(SolutionConfigurationPlatforms) = preSolution
		Debug|Any CPU = Debug|Any CPU
		Release|Any CPU = Release|Any CPU
	EndGlobalSection
	GlobalSection(ProjectConfigurationPlatforms) = postSolution
		{52E9F304-F2F3-40AD-9C04-67F5E484630F}.Debug|Any CPU.ActiveCfg = Debug|Any CPU
		{52E9F304-F2F3-40AD-9C04-67F5E484630F}.Debug|Any CPU.Build.0 = Debug|Any CPU
		{52E9F304-F2F3-40AD-9C04-67F5E484630F}.Release|Any CPU.ActiveCfg = Release|Any CPU
		{52E9F304-F2F3-40AD-9C04-67F5E484630F}.Release|Any CPU.Build.0 = Release|Any CPU
		{D3452B19-0018-48D5-8C30-13DD78C50F33}.Debug|Any CPU.ActiveCfg = Debug|Any CPU
		{D3452B19-0018-48D5-8C30-13DD78C50F33}.Debug|Any CPU.Build.0 = Debug|Any CPU
		{D3452B19-0018-48D5-8C30-13DD78C50F33}.Release|Any CPU.ActiveCfg = Release|Any CPU
		{D3452B19-0018-48D5-8C30-13DD78C50F33}.Release|Any CPU.Build.0 = Release|Any CPU
	EndGlobalSection
	GlobalSection(SolutionProperties) = preSolution
		HideSolutionNode = FALSE
	EndGlobalSection
	GlobalSection(ExtensibilityGlobals) = postSolution
		SolutionGuid = {2251CCDC-E4A0-436A-8556-7152A53CF7BF}
	EndGlobalSection
EndGlobal
